
Microsoft Visual Studio Solution File, Format Version 12.00
# Visual Studio Version 17
VisualStudioVersion = 17.1.32210.238
MinimumVisualStudioVersion = 10.0.40219.1
Project("{9A19103F-16F7-4668-BE54-9A1E7A4F7556}") = "SampleApi", "SampleApi\SampleApi.csproj", "{8E5D2942-6A57-4C89-BBCC-C3FED98DA3FC}"
EndProject
Global
	GlobalSection(SolutionConfigurationPlatforms) = preSolution
		Debug|Any CPU = Debug|Any CPU
		Release|Any CPU = Release|Any CPU
	EndGlobalSection
	GlobalSection(ProjectConfigurationPlatforms) = postSolution
		{8E5D2942-6A57-4C89-BBCC-C3FED98DA3FC}.Debug|Any CPU.ActiveCfg = Debug|Any CPU
		{8E5D2942-6A57-4C89-BBCC-C3FED98DA3FC}.Debug|Any CPU.Build.0 = Debug|Any CPU
		{8E5D2942-6A57-4C89-BBCC-C3FED98DA3FC}.Release|Any CPU.ActiveCfg = Release|Any CPU
		{8E5D2942-6A57-4C89-BBCC-C3FED98DA3FC}.Release|Any CPU.Build.0 = Release|Any CPU
	EndGlobalSection
	GlobalSection(SolutionProperties) = preSolution
		HideSolutionNode = FALSE
	EndGlobalSection
	GlobalSection(ExtensibilityGlobals) = postSolution
		SolutionGuid = {E8492293-B019-441C-A909-653A24CD78FF}
	EndGlobalSection
EndGlobal
